// !$*UTF8*$!
{
	archiveVersion = 1;
	classes = {
	};
	objectVersion = 48;
	objects = {

/* Begin PBXBuildFile section */
		48B4FF5F20B7F60800F22627 /* AppDelegate.swift in Sources */ = {isa = PBXBuildFile; fileRef = 48B4FF5E20B7F60800F22627 /* AppDelegate.swift */; };
		48B4FF6120B7F60800F22627 /* ViewController.swift in Sources */ = {isa = PBXBuildFile; fileRef = 48B4FF6020B7F60800F22627 /* ViewController.swift */; };
		48B4FF6420B7F60800F22627 /* Main.storyboard in Resources */ = {isa = PBXBuildFile; fileRef = 48B4FF6220B7F60800F22627 /* Main.storyboard */; };
		48B4FF6620B7F60800F22627 /* Assets.xcassets in Resources */ = {isa = PBXBuildFile; fileRef = 48B4FF6520B7F60800F22627 /* Assets.xcassets */; };
		48B4FF6920B7F60800F22627 /* LaunchScreen.storyboard in Resources */ = {isa = PBXBuildFile; fileRef = 48B4FF6720B7F60800F22627 /* LaunchScreen.storyboard */; };
		48B4FF7220B7F66300F22627 /* Scene.swift in Sources */ = {isa = PBXBuildFile; fileRef = 48B4FF7120B7F66300F22627 /* Scene.swift */; };
		48B4FF7420B7F67200F22627 /* Factory.swift in Sources */ = {isa = PBXBuildFile; fileRef = 48B4FF7320B7F67200F22627 /* Factory.swift */; };
		48B4FF7620B7F6A400F22627 /* Welcome.storyboard in Resources */ = {isa = PBXBuildFile; fileRef = 48B4FF7520B7F6A400F22627 /* Welcome.storyboard */; };
		48B4FF7820B7F6D200F22627 /* Theme.swift in Sources */ = {isa = PBXBuildFile; fileRef = 48B4FF7720B7F6D200F22627 /* Theme.swift */; };
/* End PBXBuildFile section */

/* Begin PBXFileReference section */
		48B4FF5B20B7F60800F22627 /* ChikaWelcome.app */ = {isa = PBXFileReference; explicitFileType = wrapper.application; includeInIndex = 0; path = ChikaWelcome.app; sourceTree = BUILT_PRODUCTS_DIR; };
		48B4FF5E20B7F60800F22627 /* AppDelegate.swift */ = {isa = PBXFileReference; lastKnownFileType = sourcecode.swift; path = AppDelegate.swift; sourceTree = "<group>"; };
		48B4FF6020B7F60800F22627 /* ViewController.swift */ = {isa = PBXFileReference; lastKnownFileType = sourcecode.swift; path = ViewController.swift; sourceTree = "<group>"; };
		48B4FF6320B7F60800F22627 /* Base */ = {isa = PBXFileReference; lastKnownFileType = file.storyboard; name = Base; path = Base.lproj/Main.storyboard; sourceTree = "<group>"; };
		48B4FF6520B7F60800F22627 /* Assets.xcassets */ = {isa = PBXFileReference; lastKnownFileType = folder.assetcatalog; path = Assets.xcassets; sourceTree = "<group>"; };
		48B4FF6820B7F60800F22627 /* Base */ = {isa = PBXFileReference; lastKnownFileType = file.storyboard; name = Base; path = Base.lproj/LaunchScreen.storyboard; sourceTree = "<group>"; };
		48B4FF6A20B7F60800F22627 /* Info.plist */ = {isa = PBXFileReference; lastKnownFileType = text.plist.xml; path = Info.plist; sourceTree = "<group>"; };
		48B4FF7120B7F66300F22627 /* Scene.swift */ = {isa = PBXFileReference; lastKnownFileType = sourcecode.swift; path = Scene.swift; sourceTree = "<group>"; };
		48B4FF7320B7F67200F22627 /* Factory.swift */ = {isa = PBXFileReference; lastKnownFileType = sourcecode.swift; path = Factory.swift; sourceTree = "<group>"; };
		48B4FF7520B7F6A400F22627 /* Welcome.storyboard */ = {isa = PBXFileReference; lastKnownFileType = file.storyboard; path = Welcome.storyboard; sourceTree = "<group>"; };
		48B4FF7720B7F6D200F22627 /* Theme.swift */ = {isa = PBXFileReference; lastKnownFileType = sourcecode.swift; path = Theme.swift; sourceTree = "<group>"; };
/* End PBXFileReference section */

/* Begin PBXFrameworksBuildPhase section */
		48B4FF5820B7F60800F22627 /* Frameworks */ = {
			isa = PBXFrameworksBuildPhase;
			buildActionMask = 2147483647;
			files = (
			);
			runOnlyForDeploymentPostprocessing = 0;
		};
/* End PBXFrameworksBuildPhase section */

/* Begin PBXGroup section */
		48B4FF5220B7F60800F22627 = {
			isa = PBXGroup;
			children = (
				48B4FF5D20B7F60800F22627 /* ChikaWelcome */,
				48B4FF5C20B7F60800F22627 /* Products */,
			);
			sourceTree = "<group>";
		};
		48B4FF5C20B7F60800F22627 /* Products */ = {
			isa = PBXGroup;
			children = (
				48B4FF5B20B7F60800F22627 /* ChikaWelcome.app */,
			);
			name = Products;
			sourceTree = "<group>";
		};
		48B4FF5D20B7F60800F22627 /* ChikaWelcome */ = {
			isa = PBXGroup;
			children = (
				48B4FF6A20B7F60800F22627 /* Info.plist */,
				48B4FF5E20B7F60800F22627 /* AppDelegate.swift */,
				48B4FF6020B7F60800F22627 /* ViewController.swift */,
				48B4FF6520B7F60800F22627 /* Assets.xcassets */,
				48B4FF6720B7F60800F22627 /* LaunchScreen.storyboard */,
				48B4FF6220B7F60800F22627 /* Main.storyboard */,
				48B4FF7020B7F65800F22627 /* Source */,
			);
			path = ChikaWelcome;
			sourceTree = "<group>";
		};
		48B4FF7020B7F65800F22627 /* Source */ = {
			isa = PBXGroup;
			children = (
				48B4FF7520B7F6A400F22627 /* Welcome.storyboard */,
				48B4FF7320B7F67200F22627 /* Factory.swift */,
				48B4FF7120B7F66300F22627 /* Scene.swift */,
				48B4FF7720B7F6D200F22627 /* Theme.swift */,
			);
			path = Source;
			sourceTree = "<group>";
		};
/* End PBXGroup section */

/* Begin PBXNativeTarget section */
		48B4FF5A20B7F60800F22627 /* ChikaWelcome */ = {
			isa = PBXNativeTarget;
			buildConfigurationList = 48B4FF6D20B7F60800F22627 /* Build configuration list for PBXNativeTarget "ChikaWelcome" */;
			buildPhases = (
				48B4FF5720B7F60800F22627 /* Sources */,
				48B4FF5820B7F60800F22627 /* Frameworks */,
				48B4FF5920B7F60800F22627 /* Resources */,
			);
			buildRules = (
			);
			dependencies = (
			);
			name = ChikaWelcome;
			productName = ChikaWelcome;
			productReference = 48B4FF5B20B7F60800F22627 /* ChikaWelcome.app */;
			productType = "com.apple.product-type.application";
		};
/* End PBXNativeTarget section */

/* Begin PBXProject section */
		48B4FF5320B7F60800F22627 /* Project object */ = {
			isa = PBXProject;
			attributes = {
				LastSwiftUpdateCheck = 0920;
				LastUpgradeCheck = 0920;
				ORGANIZATIONNAME = Nir;
				TargetAttributes = {
					48B4FF5A20B7F60800F22627 = {
						CreatedOnToolsVersion = 9.2;
						ProvisioningStyle = Automatic;
					};
				};
			};
			buildConfigurationList = 48B4FF5620B7F60800F22627 /* Build configuration list for PBXProject "ChikaWelcome" */;
			compatibilityVersion = "Xcode 8.0";
			developmentRegion = en;
			hasScannedForEncodings = 0;
			knownRegions = (
				en,
				Base,
			);
			mainGroup = 48B4FF5220B7F60800F22627;
			productRefGroup = 48B4FF5C20B7F60800F22627 /* Products */;
			projectDirPath = "";
			projectRoot = "";
			targets = (
				48B4FF5A20B7F60800F22627 /* ChikaWelcome */,
			);
		};
/* End PBXProject section */

/* Begin PBXResourcesBuildPhase section */
		48B4FF5920B7F60800F22627 /* Resources */ = {
			isa = PBXResourcesBuildPhase;
			buildActionMask = 2147483647;
			files = (
				48B4FF6920B7F60800F22627 /* LaunchScreen.storyboard in Resources */,
				48B4FF7620B7F6A400F22627 /* Welcome.storyboard in Resources */,
				48B4FF6620B7F60800F22627 /* Assets.xcassets in Resources */,
				48B4FF6420B7F60800F22627 /* Main.storyboard in Resources */,
			);
			runOnlyForDeploymentPostprocessing = 0;
		};
/* End PBXResourcesBuildPhase section */

/* Begin PBXSourcesBuildPhase section */
		48B4FF5720B7F60800F22627 /* Sources */ = {
			isa = PBXSourcesBuildPhase;
			buildActionMask = 2147483647;
			files = (
				48B4FF7420B7F67200F22627 /* Factory.swift in Sources */,
				48B4FF6120B7F60800F22627 /* ViewController.swift in Sources */,
				48B4FF7820B7F6D200F22627 /* Theme.swift in Sources */,
				48B4FF5F20B7F60800F22627 /* AppDelegate.swift in Sources */,
				48B4FF7220B7F66300F22627 /* Scene.swift in Sources */,
			);
			runOnlyForDeploymentPostprocessing = 0;
		};
/* End PBXSourcesBuildPhase section */

/* Begin PBXVariantGroup section */
		48B4FF6220B7F60800F22627 /* Main.storyboard */ = {
			isa = PBXVariantGroup;
			children = (
				48B4FF6320B7F60800F22627 /* Base */,
			);
			name = Main.storyboard;
			sourceTree = "<group>";
		};
		48B4FF6720B7F60800F22627 /* LaunchScreen.storyboard */ = {
			isa = PBXVariantGroup;
			children = (
				48B4FF6820B7F60800F22627 /* Base */,
			);
			name = LaunchScreen.storyboard;
			sourceTree = "<group>";
		};
/* End PBXVariantGroup section */

/* Begin XCBuildConfiguration section */
		48B4FF6B20B7F60800F22627 /* Debug */ = {
			isa = XCBuildConfiguration;
			buildSettings = {
				ALWAYS_SEARCH_USER_PATHS = NO;
				CLANG_ANALYZER_NONNULL = YES;
				CLANG_ANALYZER_NUMBER_OBJECT_CONVERSION = YES_AGGRESSIVE;
				CLANG_CXX_LANGUAGE_STANDARD = "gnu++14";
				CLANG_CXX_LIBRARY = "libc++";
				CLANG_ENABLE_MODULES = YES;
				CLANG_ENABLE_OBJC_ARC = YES;
				CLANG_WARN_BLOCK_CAPTURE_AUTORELEASING = YES;
				CLANG_WARN_BOOL_CONVERSION = YES;
				CLANG_WARN_COMMA = YES;
				CLANG_WARN_CONSTANT_CONVERSION = YES;
				CLANG_WARN_DIRECT_OBJC_ISA_USAGE = YES_ERROR;
				CLANG_WARN_DOCUMENTATION_COMMENTS = YES;
				CLANG_WARN_EMPTY_BODY = YES;
				CLANG_WARN_ENUM_CONVERSION = YES;
				CLANG_WARN_INFINITE_RECURSION = YES;
				CLANG_WARN_INT_CONVERSION = YES;
				CLANG_WARN_NON_LITERAL_NULL_CONVERSION = YES;
				CLANG_WARN_OBJC_LITERAL_CONVERSION = YES;
				CLANG_WARN_OBJC_ROOT_CLASS = YES_ERROR;
				CLANG_WARN_RANGE_LOOP_ANALYSIS = YES;
				CLANG_WARN_STRICT_PROTOTYPES = YES;
				CLANG_WARN_SUSPICIOUS_MOVE = YES;
				CLANG_WARN_UNGUARDED_AVAILABILITY = YES_AGGRESSIVE;
				CLANG_WARN_UNREACHABLE_CODE = YES;
				CLANG_WARN__DUPLICATE_METHOD_MATCH = YES;
				CODE_SIGN_IDENTITY = "iPhone Developer";
				COPY_PHASE_STRIP = NO;
				DEBUG_INFORMATION_FORMAT = dwarf;
				ENABLE_STRICT_OBJC_MSGSEND = YES;
				ENABLE_TESTABILITY = YES;
				GCC_C_LANGUAGE_STANDARD = gnu11;
				GCC_DYNAMIC_NO_PIC = NO;
				GCC_NO_COMMON_BLOCKS = YES;
				GCC_OPTIMIZATION_LEVEL = 0;
				GCC_PREPROCESSOR_DEFINITIONS = (
					"DEBUG=1",
					"$(inherited)",
				);
				GCC_WARN_64_TO_32_BIT_CONVERSION = YES;
				GCC_WARN_ABOUT_RETURN_TYPE = YES_ERROR;
				GCC_WARN_UNDECLARED_SELECTOR = YES;
				GCC_WARN_UNINITIALIZED_AUTOS = YES_AGGRESSIVE;
				GCC_WARN_UNUSED_FUNCTION = YES;
				GCC_WARN_UNUSED_VARIABLE = YES;
				IPHONEOS_DEPLOYMENT_TARGET = 11.2;
				MTL_ENABLE_DEBUG_INFO = YES;
				ONLY_ACTIVE_ARCH = YES;
				SDKROOT = iphoneos;
				SWIFT_ACTIVE_COMPILATION_CONDITIONS = DEBUG;
				SWIFT_OPTIMIZATION_LEVEL = "-Onone";
			};
			name = Debug;
		};
		48B4FF6C20B7F60800F22627 /* Release */ = {
			isa = XCBuildConfiguration;
			buildSettings = {
				ALWAYS_SEARCH_USER_PATHS = NO;
				CLANG_ANALYZER_NONNULL = YES;
				CLANG_ANALYZER_NUMBER_OBJECT_CONVERSION = YES_AGGRESSIVE;
				CLANG_CXX_LANGUAGE_STANDARD = "gnu++14";
				CLANG_CXX_LIBRARY = "libc++";
				CLANG_ENABLE_MODULES = YES;
				CLANG_ENABLE_OBJC_ARC = YES;
				CLANG_WARN_BLOCK_CAPTURE_AUTORELEASING = YES;
				CLANG_WARN_BOOL_CONVERSION = YES;
				CLANG_WARN_COMMA = YES;
				CLANG_WARN_CONSTANT_CONVERSION = YES;
				CLANG_WARN_DIRECT_OBJC_ISA_USAGE = YES_ERROR;
				CLANG_WARN_DOCUMENTATION_COMMENTS = YES;
				CLANG_WARN_EMPTY_BODY = YES;
				CLANG_WARN_ENUM_CONVERSION = YES;
				CLANG_WARN_INFINITE_RECURSION = YES;
				CLANG_WARN_INT_CONVERSION = YES;
				CLANG_WARN_NON_LITERAL_NULL_CONVERSION = YES;
				CLANG_WARN_OBJC_LITERAL_CONVERSION = YES;
				CLANG_WARN_OBJC_ROOT_CLASS = YES_ERROR;
				CLANG_WARN_RANGE_LOOP_ANALYSIS = YES;
				CLANG_WARN_STRICT_PROTOTYPES = YES;
				CLANG_WARN_SUSPICIOUS_MOVE = YES;
				CLANG_WARN_UNGUARDED_AVAILABILITY = YES_AGGRESSIVE;
				CLANG_WARN_UNREACHABLE_CODE = YES;
				CLANG_WARN__DUPLICATE_METHOD_MATCH = YES;
				CODE_SIGN_IDENTITY = "iPhone Developer";
				COPY_PHASE_STRIP = NO;
				DEBUG_INFORMATION_FORMAT = "dwarf-with-dsym";
				ENABLE_NS_ASSERTIONS = NO;
				ENABLE_STRICT_OBJC_MSGSEND = YES;
				GCC_C_LANGUAGE_STANDARD = gnu11;
				GCC_NO_COMMON_BLOCKS = YES;
				GCC_WARN_64_TO_32_BIT_CONVERSION = YES;
				GCC_WARN_ABOUT_RETURN_TYPE = YES_ERROR;
				GCC_WARN_UNDECLARED_SELECTOR = YES;
				GCC_WARN_UNINITIALIZED_AUTOS = YES_AGGRESSIVE;
				GCC_WARN_UNUSED_FUNCTION = YES;
				GCC_WARN_UNUSED_VARIABLE = YES;
				IPHONEOS_DEPLOYMENT_TARGET = 11.2;
				MTL_ENABLE_DEBUG_INFO = NO;
				SDKROOT = iphoneos;
				SWIFT_OPTIMIZATION_LEVEL = "-Owholemodule";
				VALIDATE_PRODUCT = YES;
			};
			name = Release;
		};
		48B4FF6E20B7F60800F22627 /* Debug */ = {
			isa = XCBuildConfiguration;
			buildSettings = {
				ASSETCATALOG_COMPILER_APPICON_NAME = AppIcon;
				CODE_SIGN_STYLE = Automatic;
				INFOPLIST_FILE = ChikaWelcome/Info.plist;
				LD_RUNPATH_SEARCH_PATHS = "$(inherited) @executable_path/Frameworks";
				PRODUCT_BUNDLE_IDENTIFIER = com.nir.ChikaWelcome;
				PRODUCT_NAME = "$(TARGET_NAME)";
				SWIFT_VERSION = 4.0;
				TARGETED_DEVICE_FAMILY = "1,2";
			};
			name = Debug;
		};
		48B4FF6F20B7F60800F22627 /* Release */ = {
			isa = XCBuildConfiguration;
			buildSettings = {
				ASSETCATALOG_COMPILER_APPICON_NAME = AppIcon;
				CODE_SIGN_STYLE = Automatic;
				INFOPLIST_FILE = ChikaWelcome/Info.plist;
				LD_RUNPATH_SEARCH_PATHS = "$(inherited) @executable_path/Frameworks";
				PRODUCT_BUNDLE_IDENTIFIER = com.nir.ChikaWelcome;
				PRODUCT_NAME = "$(TARGET_NAME)";
				SWIFT_VERSION = 4.0;
				TARGETED_DEVICE_FAMILY = "1,2";
			};
			name = Release;
		};
/* End XCBuildConfiguration section */

/* Begin XCConfigurationList section */
		48B4FF5620B7F60800F22627 /* Build configuration list for PBXProject "ChikaWelcome" */ = {
			isa = XCConfigurationList;
			buildConfigurations = (
				48B4FF6B20B7F60800F22627 /* Debug */,
				48B4FF6C20B7F60800F22627 /* Release */,
			);
			defaultConfigurationIsVisible = 0;
			defaultConfigurationName = Release;
		};
		48B4FF6D20B7F60800F22627 /* Build configuration list for PBXNativeTarget "ChikaWelcome" */ = {
			isa = XCConfigurationList;
			buildConfigurations = (
				48B4FF6E20B7F60800F22627 /* Debug */,
				48B4FF6F20B7F60800F22627 /* Release */,
			);
			defaultConfigurationIsVisible = 0;
			defaultConfigurationName = Release;
		};
/* End XCConfigurationList section */
	};
	rootObject = 48B4FF5320B7F60800F22627 /* Project object */;
}
